
Microsoft Visual Studio Solution File, Format Version 12.00
# Visual Studio Version 16
VisualStudioVersion = 16.0.29806.167
MinimumVisualStudioVersion = 10.0.40219.1
Project("{8BC9CEB8-8B4A-11D0-8D11-00A0C91BC942}") = "Generated", "nume_clienti\nume_clienti.vcxproj", "{B752865F-334F-434B-911A-6034217548DE}"
EndProject
Project("{8BC9CEB8-8B4A-11D0-8D11-00A0C91BC942}") = "Server", "Server\Server.vcxproj", "{6565334D-50FE-4E89-969F-6A3E5A657123}"
EndProject
Project("{8BC9CEB8-8B4A-11D0-8D11-00A0C91BC942}") = "Client", "Client\Client.vcxproj", "{CAB2C00E-DEAB-4B3E-A6D4-9A789BB893E3}"
EndProject
Global
	GlobalSection(SolutionConfigurationPlatforms) = preSolution
		Debug|x64 = Debug|x64
		Debug|x86 = Debug|x86
		Release|x64 = Release|x64
		Release|x86 = Release|x86
	EndGlobalSection
	GlobalSection(ProjectConfigurationPlatforms) = postSolution
		{B752865F-334F-434B-911A-6034217548DE}.Debug|x64.ActiveCfg = Debug|x64
		{B752865F-334F-434B-911A-6034217548DE}.Debug|x64.Build.0 = Debug|x64
		{B752865F-334F-434B-911A-6034217548DE}.Debug|x86.ActiveCfg = Debug|Win32
		{B752865F-334F-434B-911A-6034217548DE}.Debug|x86.Build.0 = Debug|Win32
		{B752865F-334F-434B-911A-6034217548DE}.Release|x64.ActiveCfg = Release|x64
		{B752865F-334F-434B-911A-6034217548DE}.Release|x64.Build.0 = Release|x64
		{B752865F-334F-434B-911A-6034217548DE}.Release|x86.ActiveCfg = Release|Win32
		{B752865F-334F-434B-911A-6034217548DE}.Release|x86.Build.0 = Release|Win32
		{6565334D-50FE-4E89-969F-6A3E5A657123}.Debug|x64.ActiveCfg = Debug|x64
		{6565334D-50FE-4E89-969F-6A3E5A657123}.Debug|x64.Build.0 = Debug|x64
		{6565334D-50FE-4E89-969F-6A3E5A657123}.Debug|x86.ActiveCfg = Debug|Win32
		{6565334D-50FE-4E89-969F-6A3E5A657123}.Debug|x86.Build.0 = Debug|Win32
		{6565334D-50FE-4E89-969F-6A3E5A657123}.Release|x64.ActiveCfg = Release|x64
		{6565334D-50FE-4E89-969F-6A3E5A657123}.Release|x64.Build.0 = Release|x64
		{6565334D-50FE-4E89-969F-6A3E5A657123}.Release|x86.ActiveCfg = Release|Win32
		{6565334D-50FE-4E89-969F-6A3E5A657123}.Release|x86.Build.0 = Release|Win32
		{CAB2C00E-DEAB-4B3E-A6D4-9A789BB893E3}.Debug|x64.ActiveCfg = Debug|x64
		{CAB2C00E-DEAB-4B3E-A6D4-9A789BB893E3}.Debug|x64.Build.0 = Debug|x64
		{CAB2C00E-DEAB-4B3E-A6D4-9A789BB893E3}.Debug|x86.ActiveCfg = Debug|Win32
		{CAB2C00E-DEAB-4B3E-A6D4-9A789BB893E3}.Debug|x86.Build.0 = Debug|Win32
		{CAB2C00E-DEAB-4B3E-A6D4-9A789BB893E3}.Release|x64.ActiveCfg = Release|x64
		{CAB2C00E-DEAB-4B3E-A6D4-9A789BB893E3}.Release|x64.Build.0 = Release|x64
		{CAB2C00E-DEAB-4B3E-A6D4-9A789BB893E3}.Release|x86.ActiveCfg = Release|Win32
		{CAB2C00E-DEAB-4B3E-A6D4-9A789BB893E3}.Release|x86.Build.0 = Release|Win32
	EndGlobalSection
	GlobalSection(SolutionProperties) = preSolution
		HideSolutionNode = FALSE
	EndGlobalSection
	GlobalSection(ExtensibilityGlobals) = postSolution
		SolutionGuid = {CE64C83E-E15C-4648-8D71-E08F430CE48A}
	EndGlobalSection
EndGlobal
