<?xml version="1.0" encoding="utf-8"?>
<Project ToolsVersion="4.0" xmlns="http://schemas.microsoft.com/developer/msbuild/2003">
  <ItemGroup>
    <Filter Include="Source Files">
      <UniqueIdentifier>{4FC737F1-C7A5-4376-A066-2A32D752A2FF}</UniqueIdentifier>
      <Extensions>cpp;c;cc;cxx;def;odl;idl;hpj;bat;asm;asmx</Extensions>
    </Filter>
    <Filter Include="Header Files">
      <UniqueIdentifier>{93995380-89BD-4b04-88EB-625FBE52EBFB}</UniqueIdentifier>
      <Extensions>h;hh;hpp;hxx;hm;inl;inc;ipp;xsd</Extensions>
    </Filter>
    <Filter Include="Resource Files">
      <UniqueIdentifier>{67DA6AB6-F800-4c08-8B7A-83BB121AAD01}</UniqueIdentifier>
      <Extensions>rc;ico;cur;bmp;dlg;rc2;rct;bin;rgs;gif;jpg;jpeg;jpe;resx;tiff;tif;png;wav;mfcribbon-ms</Extensions>
    </Filter>
  </ItemGroup>
  <ItemGroup>
    <ClCompile Include="nume_clienti.cpp">
      <Filter>Source Files</Filter>
    </ClCompile>
    <ClCompile Include="..\Generated\DivisionOperation.grpc.pb.cc">
      <Filter>Source Files</Filter>
    </ClCompile>
    <ClCompile Include="..\Generated\DivisionOperation.pb.cc">
      <Filter>Source Files</Filter>
    </ClCompile>
    <ClCompile Include="..\Generated\DivisionRequest.grpc.pb.cc">
      <Filter>Source Files</Filter>
    </ClCompile>
    <ClCompile Include="..\Generated\DivisionRequest.pb.cc">
      <Filter>Source Files</Filter>
    </ClCompile>
    <ClCompile Include="..\Generated\MultiplicationOperation.grpc.pb.cc">
      <Filter>Source Files</Filter>
    </ClCompile>
    <ClCompile Include="..\Generated\MultiplicationOperation.pb.cc">
      <Filter>Source Files</Filter>
    </ClCompile>
    <ClCompile Include="..\Generated\MultiplicationRequest.grpc.pb.cc">
      <Filter>Source Files</Filter>
    </ClCompile>
    <ClCompile Include="..\Generated\MultiplicationRequest.pb.cc">
      <Filter>Source Files</Filter>
    </ClCompile>
    <ClCompile Include="..\Generated\OperationResponse.grpc.pb.cc">
      <Filter>Source Files</Filter>
    </ClCompile>
    <ClCompile Include="..\Generated\OperationResponse.pb.cc">
      <Filter>Source Files</Filter>
    </ClCompile>
    <ClCompile Include="..\Generated\SubtractionOperation.grpc.pb.cc">
      <Filter>Source Files</Filter>
    </ClCompile>
    <ClCompile Include="..\Generated\SubtractionOperation.pb.cc">
      <Filter>Source Files</Filter>
    </ClCompile>
    <ClCompile Include="..\Generated\SubtractionRequest.grpc.pb.cc">
      <Filter>Source Files</Filter>
    </ClCompile>
    <ClCompile Include="..\Generated\SubtractionRequest.pb.cc">
      <Filter>Source Files</Filter>
    </ClCompile>
    <ClCompile Include="..\Generated\SumOperation.grpc.pb.cc">
      <Filter>Source Files</Filter>
    </ClCompile>
    <ClCompile Include="..\Generated\SumOperation.pb.cc">
      <Filter>Source Files</Filter>
    </ClCompile>
    <ClCompile Include="..\Generated\SumRequest.grpc.pb.cc">
      <Filter>Source Files</Filter>
    </ClCompile>
    <ClCompile Include="..\Generated\SumRequest.pb.cc">
      <Filter>Source Files</Filter>
    </ClCompile>
    <ClCompile Include="..\Generated\HelloOperation.grpc.pb.cc">
      <Filter>Source Files</Filter>
    </ClCompile>
    <ClCompile Include="..\Generated\HelloOperation.pb.cc">
      <Filter>Source Files</Filter>
    </ClCompile>
    <ClCompile Include="..\Generated\HelloRequest.grpc.pb.cc">
      <Filter>Source Files</Filter>
    </ClCompile>
    <ClCompile Include="..\Generated\HelloRequest.pb.cc">
      <Filter>Source Files</Filter>
    </ClCompile>
    <ClCompile Include="..\Generated\HelloResponse.grpc.pb.cc">
      <Filter>Source Files</Filter>
    </ClCompile>
    <ClCompile Include="..\Generated\HelloResponse.pb.cc">
      <Filter>Source Files</Filter>
    </ClCompile>
    <ClCompile Include="..\Generated\ZodieOperation.grpc.pb.cc">
      <Filter>Source Files</Filter>
    </ClCompile>
    <ClCompile Include="..\Generated\ZodieOperation.pb.cc">
      <Filter>Source Files</Filter>
    </ClCompile>
    <ClCompile Include="..\Generated\ZodieRequest.grpc.pb.cc">
      <Filter>Source Files</Filter>
    </ClCompile>
    <ClCompile Include="..\Generated\ZodieRequest.pb.cc">
      <Filter>Source Files</Filter>
    </ClCompile>
    <ClCompile Include="..\Generated\ZodieResponse.grpc.pb.cc">
      <Filter>Source Files</Filter>
    </ClCompile>
    <ClCompile Include="..\Generated\ZodieResponse.pb.cc">
      <Filter>Source Files</Filter>
    </ClCompile>
  </ItemGroup>
  <ItemGroup>
    <ClInclude Include="..\Generated\DivisionOperation.grpc.pb.h">
      <Filter>Header Files</Filter>
    </ClInclude>
    <ClInclude Include="..\Generated\DivisionOperation.pb.h">
      <Filter>Header Files</Filter>
    </ClInclude>
    <ClInclude Include="..\Generated\DivisionRequest.grpc.pb.h">
      <Filter>Header Files</Filter>
    </ClInclude>
    <ClInclude Include="..\Generated\MultiplicationOperation.grpc.pb.h">
      <Filter>Header Files</Filter>
    </ClInclude>
    <ClInclude Include="..\Generated\DivisionRequest.pb.h">
      <Filter>Header Files</Filter>
    </ClInclude>
    <ClInclude Include="..\Generated\MultiplicationOperation.pb.h">
      <Filter>Header Files</Filter>
    </ClInclude>
    <ClInclude Include="..\Generated\MultiplicationRequest.grpc.pb.h">
      <Filter>Header Files</Filter>
    </ClInclude>
    <ClInclude Include="..\Generated\MultiplicationRequest.pb.h">
      <Filter>Header Files</Filter>
    </ClInclude>
    <ClInclude Include="..\Generated\OperationResponse.grpc.pb.h">
      <Filter>Header Files</Filter>
    </ClInclude>
    <ClInclude Include="..\Generated\OperationResponse.pb.h">
      <Filter>Header Files</Filter>
    </ClInclude>
    <ClInclude Include="..\Generated\SubtractionOperation.grpc.pb.h">
      <Filter>Header Files</Filter>
    </ClInclude>
    <ClInclude Include="..\Generated\SubtractionOperation.pb.h">
      <Filter>Header Files</Filter>
    </ClInclude>
    <ClInclude Include="..\Generated\SubtractionRequest.grpc.pb.h">
      <Filter>Header Files</Filter>
    </ClInclude>
    <ClInclude Include="..\Generated\SubtractionRequest.pb.h">
      <Filter>Header Files</Filter>
    </ClInclude>
    <ClInclude Include="..\Generated\SumOperation.grpc.pb.h">
      <Filter>Header Files</Filter>
    </ClInclude>
    <ClInclude Include="..\Generated\SumOperation.pb.h">
      <Filter>Header Files</Filter>
    </ClInclude>
    <ClInclude Include="..\Generated\SumRequest.grpc.pb.h">
      <Filter>Header Files</Filter>
    </ClInclude>
    <ClInclude Include="..\Generated\SumRequest.pb.h">
      <Filter>Header Files</Filter>
    </ClInclude>
    <ClInclude Include="..\Generated\HelloOperation.grpc.pb.h">
      <Filter>Header Files</Filter>
    </ClInclude>
    <ClInclude Include="..\Generated\HelloOperation.pb.h">
      <Filter>Header Files</Filter>
    </ClInclude>
    <ClInclude Include="..\Generated\HelloRequest.grpc.pb.h">
      <Filter>Header Files</Filter>
    </ClInclude>
    <ClInclude Include="..\Generated\HelloRequest.pb.h">
      <Filter>Header Files</Filter>
    </ClInclude>
    <ClInclude Include="..\Generated\HelloResponse.grpc.pb.h">
      <Filter>Header Files</Filter>
    </ClInclude>
    <ClInclude Include="..\Generated\HelloResponse.pb.h">
      <Filter>Header Files</Filter>
    </ClInclude>
    <ClInclude Include="..\Generated\ZodieOperation.grpc.pb.h">
      <Filter>Header Files</Filter>
    </ClInclude>
    <ClInclude Include="..\Generated\ZodieOperation.pb.h">
      <Filter>Header Files</Filter>
    </ClInclude>
    <ClInclude Include="..\Generated\ZodieRequest.grpc.pb.h">
      <Filter>Header Files</Filter>
    </ClInclude>
    <ClInclude Include="..\Generated\ZodieRequest.pb.h">
      <Filter>Header Files</Filter>
    </ClInclude>
    <ClInclude Include="..\Generated\ZodieResponse.grpc.pb.h">
      <Filter>Header Files</Filter>
    </ClInclude>
    <ClInclude Include="..\Generated\ZodieResponse.pb.h">
      <Filter>Header Files</Filter>
    </ClInclude>
  </ItemGroup>
</Project>